
Microsoft Visual Studio Solution File, Format Version 12.00
# Visual Studio 15
VisualStudioVersion = 15.0.27130.2020
MinimumVisualStudioVersion = 10.0.40219.1
Project("{FAE04EC0-301F-11D3-BF4B-00C04F79EFBC}") = "ContosoUniversity", "ContosoUniversity\ContosoUniversity.csproj", "{891F552C-F96C-4BD7-97D6-EB682F740382}"
EndProject
Global
	GlobalSection(SolutionConfigurationPlatforms) = preSolution
		Debug|Any CPU = Debug|Any CPU
		Release|Any CPU = Release|Any CPU
	EndGlobalSection
	GlobalSection(ProjectConfigurationPlatforms) = postSolution
		{891F552C-F96C-4BD7-97D6-EB682F740382}.Debug|Any CPU.ActiveCfg = Debug|Any CPU
		{891F552C-F96C-4BD7-97D6-EB682F740382}.Debug|Any CPU.Build.0 = Debug|Any CPU
		{891F552C-F96C-4BD7-97D6-EB682F740382}.Release|Any CPU.ActiveCfg = Release|Any CPU
		{891F552C-F96C-4BD7-97D6-EB682F740382}.Release|Any CPU.Build.0 = Release|Any CPU
	EndGlobalSection
	GlobalSection(SolutionProperties) = preSolution
		HideSolutionNode = FALSE
	EndGlobalSection
	GlobalSection(ExtensibilityGlobals) = postSolution
		SolutionGuid = {0E1165A2-9120-4E31-B2B9-C6D472322C61}
	EndGlobalSection
EndGlobal
